
Microsoft Visual Studio Solution File, Format Version 12.00
# Visual Studio Version 17
VisualStudioVersion = 17.3.32819.101
MinimumVisualStudioVersion = 10.0.40219.1
Project("{FAE04EC0-301F-11D3-BF4B-00C04F79EFBC}") = "FriendOrganizer.UI", "FriendOrganizer.UI\FriendOrganizer.UI.csproj", "{66C9A3E0-9343-4C3D-B703-6FCDC34F62D6}"
EndProject
Project("{FAE04EC0-301F-11D3-BF4B-00C04F79EFBC}") = "FriendOrganizer.DataAccess", "FriendOrganizer.DataAccess\FriendOrganizer.DataAccess.csproj", "{C9C23DEC-A6CA-4C76-911E-036B6149FC9D}"
EndProject
Project("{FAE04EC0-301F-11D3-BF4B-00C04F79EFBC}") = "FriendOrganizer.Model", "FriendOrganizer.Model\FriendOrganizer.Model.csproj", "{4AA6409C-48CD-4CF8-ACF4-60B0DA45621D}"
EndProject
Global
	GlobalSection(SolutionConfigurationPlatforms) = preSolution
		Debug|Any CPU = Debug|Any CPU
		Release|Any CPU = Release|Any CPU
	EndGlobalSection
	GlobalSection(ProjectConfigurationPlatforms) = postSolution
		{66C9A3E0-9343-4C3D-B703-6FCDC34F62D6}.Debug|Any CPU.ActiveCfg = Debug|Any CPU
		{66C9A3E0-9343-4C3D-B703-6FCDC34F62D6}.Debug|Any CPU.Build.0 = Debug|Any CPU
		{66C9A3E0-9343-4C3D-B703-6FCDC34F62D6}.Release|Any CPU.ActiveCfg = Release|Any CPU
		{66C9A3E0-9343-4C3D-B703-6FCDC34F62D6}.Release|Any CPU.Build.0 = Release|Any CPU
		{C9C23DEC-A6CA-4C76-911E-036B6149FC9D}.Debug|Any CPU.ActiveCfg = Debug|Any CPU
		{C9C23DEC-A6CA-4C76-911E-036B6149FC9D}.Debug|Any CPU.Build.0 = Debug|Any CPU
		{C9C23DEC-A6CA-4C76-911E-036B6149FC9D}.Release|Any CPU.ActiveCfg = Release|Any CPU
		{C9C23DEC-A6CA-4C76-911E-036B6149FC9D}.Release|Any CPU.Build.0 = Release|Any CPU
		{4AA6409C-48CD-4CF8-ACF4-60B0DA45621D}.Debug|Any CPU.ActiveCfg = Debug|Any CPU
		{4AA6409C-48CD-4CF8-ACF4-60B0DA45621D}.Debug|Any CPU.Build.0 = Debug|Any CPU
		{4AA6409C-48CD-4CF8-ACF4-60B0DA45621D}.Release|Any CPU.ActiveCfg = Release|Any CPU
		{4AA6409C-48CD-4CF8-ACF4-60B0DA45621D}.Release|Any CPU.Build.0 = Release|Any CPU
	EndGlobalSection
	GlobalSection(SolutionProperties) = preSolution
		HideSolutionNode = FALSE
	EndGlobalSection
	GlobalSection(ExtensibilityGlobals) = postSolution
		SolutionGuid = {0CAB3688-B371-44B4-BC9A-EF09398329E1}
	EndGlobalSection
EndGlobal
